{
    "_meta": {
        "hash": {
            "sha256": "450201e4be92e8c1d9b140f35a7f46e40de81aed04d343074fe705d35e2c6239"
        },
        "pipfile-spec": 6,
        "requires": {
            "python_version": "3.13"
        },
        "sources": [
            {
                "name": "pypi",
                "url": "https://pypi.org/simple",
                "verify_ssl": true
            }
        ]
    },
    "default": {
        "pulp": {
            "hashes": [
                "sha256:7eb99b9ce7beeb8bbb7ea9d1c919f02f003ab7867e0d1e322f2f2c26dd31c8ba",
                "sha256:dd6ad2d63f196d1254eddf9dcff5cd224912c1f046120cb7c143c5b0eda63fae"
            ],
            "index": "pypi",
            "markers": "python_version >= '3.9'",
            "version": "==3.3.0"
        }
    },
    "develop": {}
}
