version = 1
revision = 3
requires-python = ">=3.11"

[[package]]
name = "py-implementation"
version = "0.1.0"
source = { virtual = "." }
dependencies = [
    { name = "sly" },
]

[package.metadata]
requires-dist = [{ name = "sly", specifier = ">=0.5" }]

[[package]]
name = "sly"
version = "0.5"
source = { registry = "https://pypi.org/simple" }
sdist = { url = "https://files.pythonhosted.org/packages/41/8a/59e943f7b27904c7756a7b565ffbd55f3841f5cd3d2da2b2b0713c49e488/sly-0.5.tar.gz", hash = "sha256:251d42015e8507158aec2164f06035df4a82b0314ce6450f457d7125e7649024", size = 66702, upload-time = "2022-10-25T14:35:30.592Z" }
wheels = [
    { url = "https://files.pythonhosted.org/packages/8e/4d/c96d807295183f2360329cd8d8bf5e8072c53d664125b3858c04153f026e/sly-0.5-py3-none-any.whl", hash = "sha256:20485483259eec7f6ba85ff4d2e96a4e50c6621902667fc2695cc8bc2a3e5133", size = 28864, upload-time = "2022-10-25T14:35:28.054Z" },
]
